{
  "version": 4,
  "terraform_version": "1.3.7",
  "serial": 260,
  "lineage": "b0f9bff6-1442-b57a-d1d5-038c20af10a5",
  "outputs": {},
  "resources": [
    {
      "mode": "data",
      "type": "aws_availability_zones",
      "name": "available",
      "provider": "provider[\"registry.terraform.io/hashicorp/aws\"]",
      "instances": [
        {
          "schema_version": 0,
          "attributes": {
            "all_availability_zones": null,
            "exclude_names": null,
            "exclude_zone_ids": null,
            "filter": null,
            "group_names": [
              "us-east-2"
            ],
            "id": "us-east-2",
            "names": [
              "us-east-2a",
              "us-east-2b",
              "us-east-2c"
            ],
            "state": "available",
            "timeouts": null,
            "zone_ids": [
              "use2-az1",
              "use2-az2",
              "use2-az3"
            ]
          },
          "sensitive_attributes": []
        }
      ]
    },
    {
      "mode": "managed",
      "type": "aws_eip",
      "name": "nat_eip",
      "provider": "provider[\"registry.terraform.io/hashicorp/aws\"]",
      "instances": [
        {
          "schema_version": 0,
          "attributes": {
            "address": null,
            "allocation_id": "eipalloc-0c8c0b8685cd5cdd1",
            "associate_with_private_ip": null,
            "association_id": "",
            "carrier_ip": "",
            "customer_owned_ip": "",
            "customer_owned_ipv4_pool": "",
            "domain": "vpc",
            "id": "eipalloc-0c8c0b8685cd5cdd1",
            "instance": "",
            "network_border_group": "us-east-2",
            "network_interface": "",
            "private_dns": null,
            "private_ip": "",
            "public_dns": "ec2-3-19-22-210.us-east-2.compute.amazonaws.com",
            "public_ip": "3.19.22.210",
            "public_ipv4_pool": "amazon",
            "tags": {
              "Billing-Account": "1234567890",
              "Enviroment": "production",
              "Managed-By": "Terraform",
              "Name": "Micolo-EIP-production",
              "Owner-Email": "micaho2k@gmail.com"
            },
            "tags_all": {
              "Billing-Account": "1234567890",
              "Enviroment": "production",
              "Managed-By": "Terraform",
              "Name": "Micolo-EIP-production",
              "Owner-Email": "micaho2k@gmail.com"
            },
            "timeouts": null,
            "vpc": true
          },
          "sensitive_attributes": [],
          "private": "eyJlMmJmYjczMC1lY2FhLTExZTYtOGY4OC0zNDM2M2JjN2M0YzAiOnsiZGVsZXRlIjoxODAwMDAwMDAwMDAsInJlYWQiOjkwMDAwMDAwMDAwMCwidXBkYXRlIjozMDAwMDAwMDAwMDB9fQ==",
          "dependencies": [
            "aws_internet_gateway.igw",
            "aws_vpc.main"
          ]
        }
      ]
    },
    {
      "mode": "managed",
      "type": "aws_iam_policy",
      "name": "policy",
      "provider": "provider[\"registry.terraform.io/hashicorp/aws\"]",
      "instances": [
        {
          "schema_version": 0,
          "attributes": {
            "arn": "arn:aws:iam::421000527042:policy/ec2_instance_policy",
            "description": "A test policy",
            "id": "arn:aws:iam::421000527042:policy/ec2_instance_policy",
            "name": "ec2_instance_policy",
            "name_prefix": "",
            "path": "/",
            "policy": "{\"Statement\":[{\"Action\":[\"ec2:Describe*\"],\"Effect\":\"Allow\",\"Resource\":\"*\"}],\"Version\":\"2012-10-17\"}",
            "policy_id": "ANPAWEBMWHTBKV4XD2GAX",
            "tags": {
              "Billing-Account": "1234567890",
              "Enviroment": "production",
              "Managed-By": "Terraform",
              "Name": "aws assume policy",
              "Owner-Email": "micaho2k@gmail.com"
            },
            "tags_all": {
              "Billing-Account": "1234567890",
              "Enviroment": "production",
              "Managed-By": "Terraform",
              "Name": "aws assume policy",
              "Owner-Email": "micaho2k@gmail.com"
            }
          },
          "sensitive_attributes": [],
          "private": "bnVsbA=="
        }
      ]
    },
    {
      "mode": "managed",
      "type": "aws_iam_role",
      "name": "ec2_instance_role",
      "provider": "provider[\"registry.terraform.io/hashicorp/aws\"]",
      "instances": [
        {
          "schema_version": 0,
          "attributes": {
            "arn": "arn:aws:iam::421000527042:role/ec2_instance_role",
            "assume_role_policy": "{\"Statement\":[{\"Action\":\"sts:AssumeRole\",\"Effect\":\"Allow\",\"Principal\":{\"Service\":\"ec2.amazonaws.com\"},\"Sid\":\"\"}],\"Version\":\"2012-10-17\"}",
            "create_date": "2024-04-29T19:45:54Z",
            "description": "",
            "force_detach_policies": false,
            "id": "ec2_instance_role",
            "inline_policy": [],
            "managed_policy_arns": [],
            "max_session_duration": 3600,
            "name": "ec2_instance_role",
            "name_prefix": "",
            "path": "/",
            "permissions_boundary": "",
            "tags": {
              "Billing-Account": "1234567890",
              "Enviroment": "production",
              "Managed-By": "Terraform",
              "Name": "aws assume role",
              "Owner-Email": "micaho2k@gmail.com"
            },
            "tags_all": {
              "Billing-Account": "1234567890",
              "Enviroment": "production",
              "Managed-By": "Terraform",
              "Name": "aws assume role",
              "Owner-Email": "micaho2k@gmail.com"
            },
            "unique_id": "AROAWEBMWHTBJLBC2KACD"
          },
          "sensitive_attributes": [],
          "private": "bnVsbA=="
        }
      ]
    },
    {
      "mode": "managed",
      "type": "aws_internet_gateway",
      "name": "igw",
      "provider": "provider[\"registry.terraform.io/hashicorp/aws\"]",
      "instances": [
        {
          "schema_version": 0,
          "attributes": {
            "arn": "arn:aws:ec2:us-east-2:421000527042:internet-gateway/igw-0ba78f4d559c00f18",
            "id": "igw-0ba78f4d559c00f18",
            "owner_id": "421000527042",
            "tags": {
              "Billing-Account": "1234567890",
              "Enviroment": "production",
              "Managed-By": "Terraform",
              "Name": "Micolo-vpc-02e231085b2b9f60f-IGW",
              "Owner-Email": "micaho2k@gmail.com"
            },
            "tags_all": {
              "Billing-Account": "1234567890",
              "Enviroment": "production",
              "Managed-By": "Terraform",
              "Name": "Micolo-vpc-02e231085b2b9f60f-IGW",
              "Owner-Email": "micaho2k@gmail.com"
            },
            "timeouts": null,
            "vpc_id": "vpc-02e231085b2b9f60f"
          },
          "sensitive_attributes": [],
          "private": "eyJlMmJmYjczMC1lY2FhLTExZTYtOGY4OC0zNDM2M2JjN2M0YzAiOnsiY3JlYXRlIjoxMjAwMDAwMDAwMDAwLCJkZWxldGUiOjEyMDAwMDAwMDAwMDAsInVwZGF0ZSI6MTIwMDAwMDAwMDAwMH19",
          "dependencies": [
            "aws_vpc.main"
          ]
        }
      ]
    },
    {
      "mode": "managed",
      "type": "aws_nat_gateway",
      "name": "nat",
      "provider": "provider[\"registry.terraform.io/hashicorp/aws\"]",
      "instances": []
    },
    {
      "mode": "managed",
      "type": "aws_subnet",
      "name": "private",
      "provider": "provider[\"registry.terraform.io/hashicorp/aws\"]",
      "instances": [
        {
          "index_key": 0,
          "schema_version": 1,
          "attributes": {
            "arn": "arn:aws:ec2:us-east-2:421000527042:subnet/subnet-0b4441231f4805eb3",
            "assign_ipv6_address_on_creation": false,
            "availability_zone": "us-east-2a",
            "availability_zone_id": "use2-az1",
            "cidr_block": "172.16.2.0/24",
            "customer_owned_ipv4_pool": "",
            "enable_dns64": false,
            "enable_lni_at_device_index": 0,
            "enable_resource_name_dns_a_record_on_launch": false,
            "enable_resource_name_dns_aaaa_record_on_launch": false,
            "id": "subnet-0b4441231f4805eb3",
            "ipv6_cidr_block": "",
            "ipv6_cidr_block_association_id": "",
            "ipv6_native": false,
            "map_customer_owned_ip_on_launch": false,
            "map_public_ip_on_launch": true,
            "outpost_arn": "",
            "owner_id": "421000527042",
            "private_dns_hostname_type_on_launch": "ip-name",
            "tags": {
              "Billing-Account": "1234567890",
              "Enviroment": "production",
              "Managed-By": "Terraform",
              "Name": "Micolo-private_subnet-0",
              "Owner-Email": "micaho2k@gmail.com"
            },
            "tags_all": {
              "Billing-Account": "1234567890",
              "Enviroment": "production",
              "Managed-By": "Terraform",
              "Name": "Micolo-private_subnet-0",
              "Owner-Email": "micaho2k@gmail.com"
            },
            "timeouts": null,
            "vpc_id": "vpc-02e231085b2b9f60f"
          },
          "sensitive_attributes": [],
          "private": "eyJlMmJmYjczMC1lY2FhLTExZTYtOGY4OC0zNDM2M2JjN2M0YzAiOnsiY3JlYXRlIjo2MDAwMDAwMDAwMDAsImRlbGV0ZSI6MTIwMDAwMDAwMDAwMH0sInNjaGVtYV92ZXJzaW9uIjoiMSJ9",
          "dependencies": [
            "aws_vpc.main",
            "data.aws_availability_zones.available"
          ]
        },
        {
          "index_key": 1,
          "schema_version": 1,
          "attributes": {
            "arn": "arn:aws:ec2:us-east-2:421000527042:subnet/subnet-0946447a9305ee984",
            "assign_ipv6_address_on_creation": false,
            "availability_zone": "us-east-2b",
            "availability_zone_id": "use2-az2",
            "cidr_block": "172.16.3.0/24",
            "customer_owned_ipv4_pool": "",
            "enable_dns64": false,
            "enable_lni_at_device_index": 0,
            "enable_resource_name_dns_a_record_on_launch": false,
            "enable_resource_name_dns_aaaa_record_on_launch": false,
            "id": "subnet-0946447a9305ee984",
            "ipv6_cidr_block": "",
            "ipv6_cidr_block_association_id": "",
            "ipv6_native": false,
            "map_customer_owned_ip_on_launch": false,
            "map_public_ip_on_launch": true,
            "outpost_arn": "",
            "owner_id": "421000527042",
            "private_dns_hostname_type_on_launch": "ip-name",
            "tags": {
              "Billing-Account": "1234567890",
              "Enviroment": "production",
              "Managed-By": "Terraform",
              "Name": "Micolo-private_subnet-1",
              "Owner-Email": "micaho2k@gmail.com"
            },
            "tags_all": {
              "Billing-Account": "1234567890",
              "Enviroment": "production",
              "Managed-By": "Terraform",
              "Name": "Micolo-private_subnet-1",
              "Owner-Email": "micaho2k@gmail.com"
            },
            "timeouts": null,
            "vpc_id": "vpc-02e231085b2b9f60f"
          },
          "sensitive_attributes": [],
          "private": "eyJlMmJmYjczMC1lY2FhLTExZTYtOGY4OC0zNDM2M2JjN2M0YzAiOnsiY3JlYXRlIjo2MDAwMDAwMDAwMDAsImRlbGV0ZSI6MTIwMDAwMDAwMDAwMH0sInNjaGVtYV92ZXJzaW9uIjoiMSJ9",
          "dependencies": [
            "aws_vpc.main",
            "data.aws_availability_zones.available"
          ]
        },
        {
          "index_key": 2,
          "schema_version": 1,
          "attributes": {
            "arn": "arn:aws:ec2:us-east-2:421000527042:subnet/subnet-0e5383e84d05b8ce9",
            "assign_ipv6_address_on_creation": false,
            "availability_zone": "us-east-2c",
            "availability_zone_id": "use2-az3",
            "cidr_block": "172.16.4.0/24",
            "customer_owned_ipv4_pool": "",
            "enable_dns64": false,
            "enable_lni_at_device_index": 0,
            "enable_resource_name_dns_a_record_on_launch": false,
            "enable_resource_name_dns_aaaa_record_on_launch": false,
            "id": "subnet-0e5383e84d05b8ce9",
            "ipv6_cidr_block": "",
            "ipv6_cidr_block_association_id": "",
            "ipv6_native": false,
            "map_customer_owned_ip_on_launch": false,
            "map_public_ip_on_launch": true,
            "outpost_arn": "",
            "owner_id": "421000527042",
            "private_dns_hostname_type_on_launch": "ip-name",
            "tags": {
              "Billing-Account": "1234567890",
              "Enviroment": "production",
              "Managed-By": "Terraform",
              "Name": "Micolo-private_subnet-2",
              "Owner-Email": "micaho2k@gmail.com"
            },
            "tags_all": {
              "Billing-Account": "1234567890",
              "Enviroment": "production",
              "Managed-By": "Terraform",
              "Name": "Micolo-private_subnet-2",
              "Owner-Email": "micaho2k@gmail.com"
            },
            "timeouts": null,
            "vpc_id": "vpc-02e231085b2b9f60f"
          },
          "sensitive_attributes": [],
          "private": "eyJlMmJmYjczMC1lY2FhLTExZTYtOGY4OC0zNDM2M2JjN2M0YzAiOnsiY3JlYXRlIjo2MDAwMDAwMDAwMDAsImRlbGV0ZSI6MTIwMDAwMDAwMDAwMH0sInNjaGVtYV92ZXJzaW9uIjoiMSJ9",
          "dependencies": [
            "aws_vpc.main",
            "data.aws_availability_zones.available"
          ]
        }
      ]
    },
    {
      "mode": "managed",
      "type": "aws_subnet",
      "name": "public",
      "provider": "provider[\"registry.terraform.io/hashicorp/aws\"]",
      "instances": [
        {
          "index_key": 1,
          "schema_version": 1,
          "attributes": {
            "arn": "arn:aws:ec2:us-east-2:421000527042:subnet/subnet-0faf3823ff741e91a",
            "assign_ipv6_address_on_creation": false,
            "availability_zone": "us-east-2b",
            "availability_zone_id": "use2-az2",
            "cidr_block": "172.16.1.0/24",
            "customer_owned_ipv4_pool": "",
            "enable_dns64": false,
            "enable_lni_at_device_index": 0,
            "enable_resource_name_dns_a_record_on_launch": false,
            "enable_resource_name_dns_aaaa_record_on_launch": false,
            "id": "subnet-0faf3823ff741e91a",
            "ipv6_cidr_block": "",
            "ipv6_cidr_block_association_id": "",
            "ipv6_native": false,
            "map_customer_owned_ip_on_launch": false,
            "map_public_ip_on_launch": true,
            "outpost_arn": "",
            "owner_id": "421000527042",
            "private_dns_hostname_type_on_launch": "ip-name",
            "tags": {
              "Billing-Account": "1234567890",
              "Enviroment": "production",
              "Managed-By": "Terraform",
              "Name": "Micolo-public_subnet-1",
              "Owner-Email": "micaho2k@gmail.com"
            },
            "tags_all": {
              "Billing-Account": "1234567890",
              "Enviroment": "production",
              "Managed-By": "Terraform",
              "Name": "Micolo-public_subnet-1",
              "Owner-Email": "micaho2k@gmail.com"
            },
            "timeouts": null,
            "vpc_id": "vpc-02e231085b2b9f60f"
          },
          "sensitive_attributes": [],
          "private": "eyJlMmJmYjczMC1lY2FhLTExZTYtOGY4OC0zNDM2M2JjN2M0YzAiOnsiY3JlYXRlIjo2MDAwMDAwMDAwMDAsImRlbGV0ZSI6MTIwMDAwMDAwMDAwMH0sInNjaGVtYV92ZXJzaW9uIjoiMSJ9",
          "dependencies": [
            "aws_vpc.main",
            "data.aws_availability_zones.available"
          ]
        }
      ]
    },
    {
      "mode": "managed",
      "type": "aws_vpc",
      "name": "main",
      "provider": "provider[\"registry.terraform.io/hashicorp/aws\"]",
      "instances": [
        {
          "schema_version": 1,
          "attributes": {
            "arn": "arn:aws:ec2:us-east-2:421000527042:vpc/vpc-02e231085b2b9f60f",
            "assign_generated_ipv6_cidr_block": false,
            "cidr_block": "172.16.0.0/16",
            "default_network_acl_id": "acl-0c09556ab81fbdb4a",
            "default_route_table_id": "rtb-01cdafcabb0587c5a",
            "default_security_group_id": "sg-0f336e3f29a3eb6a8",
            "dhcp_options_id": "dopt-00107865a02e49ff5",
            "enable_dns_hostnames": true,
            "enable_dns_support": true,
            "enable_network_address_usage_metrics": false,
            "id": "vpc-02e231085b2b9f60f",
            "instance_tenancy": "default",
            "ipv4_ipam_pool_id": null,
            "ipv4_netmask_length": null,
            "ipv6_association_id": "",
            "ipv6_cidr_block": "",
            "ipv6_cidr_block_network_border_group": "",
            "ipv6_ipam_pool_id": "",
            "ipv6_netmask_length": 0,
            "main_route_table_id": "rtb-01cdafcabb0587c5a",
            "owner_id": "421000527042",
            "tags": {
              "Billing-Account": "1234567890",
              "Enviroment": "production",
              "Managed-By": "Terraform",
              "Owner-Email": "micaho2k@gmail.com",
              "name": "Micolo-VPC"
            },
            "tags_all": {
              "Billing-Account": "1234567890",
              "Enviroment": "production",
              "Managed-By": "Terraform",
              "Owner-Email": "micaho2k@gmail.com",
              "name": "Micolo-VPC"
            }
          },
          "sensitive_attributes": [],
          "private": "eyJzY2hlbWFfdmVyc2lvbiI6IjEifQ=="
        }
      ]
    }
  ],
  "check_results": null
}
